
Microsoft Visual Studio Solution File, Format Version 12.00
# Visual Studio Version 16
VisualStudioVersion = 16.0.29215.179
MinimumVisualStudioVersion = 10.0.40219.1
Project("{FAE04EC0-301F-11D3-BF4B-00C04F79EFBC}") = "MyProject", "MyProject\MyProject.csproj", "{C40F78E0-1128-4C82-B30F-8B46B6583DD7}"
EndProject
Global
	GlobalSection(SolutionConfigurationPlatforms) = preSolution
		Debug|Any CPU = Debug|Any CPU
		Release|Any CPU = Release|Any CPU
	EndGlobalSection
	GlobalSection(ProjectConfigurationPlatforms) = postSolution
		{C40F78E0-1128-4C82-B30F-8B46B6583DD7}.Debug|Any CPU.ActiveCfg = Debug|Any CPU
		{C40F78E0-1128-4C82-B30F-8B46B6583DD7}.Debug|Any CPU.Build.0 = Debug|Any CPU
		{C40F78E0-1128-4C82-B30F-8B46B6583DD7}.Release|Any CPU.ActiveCfg = Release|Any CPU
		{C40F78E0-1128-4C82-B30F-8B46B6583DD7}.Release|Any CPU.Build.0 = Release|Any CPU
	EndGlobalSection
	GlobalSection(SolutionProperties) = preSolution
		HideSolutionNode = FALSE
	EndGlobalSection
	GlobalSection(ExtensibilityGlobals) = postSolution
		SolutionGuid = {0A973EA9-701B-4386-939A-80FF53FF8F78}
	EndGlobalSection
EndGlobal
